
Microsoft Visual Studio Solution File, Format Version 12.00
# Visual Studio Version 16
VisualStudioVersion = 16.0.30804.86
MinimumVisualStudioVersion = 10.0.40219.1
Project("{FAE04EC0-301F-11D3-BF4B-00C04F79EFBC}") = "IncreasedSpeed", "IncreasedSpeed.csproj", "{D752FC41-4004-4446-8EF0-E7414B0DF745}"
EndProject
Global
	GlobalSection(SolutionConfigurationPlatforms) = preSolution
		Debug|Any CPU = Debug|Any CPU
		Release|Any CPU = Release|Any CPU
	EndGlobalSection
	GlobalSection(ProjectConfigurationPlatforms) = postSolution
		{D752FC41-4004-4446-8EF0-E7414B0DF745}.Debug|Any CPU.ActiveCfg = Debug|Any CPU
		{D752FC41-4004-4446-8EF0-E7414B0DF745}.Debug|Any CPU.Build.0 = Debug|Any CPU
		{D752FC41-4004-4446-8EF0-E7414B0DF745}.Release|Any CPU.ActiveCfg = Release|Any CPU
		{D752FC41-4004-4446-8EF0-E7414B0DF745}.Release|Any CPU.Build.0 = Release|Any CPU
	EndGlobalSection
	GlobalSection(SolutionProperties) = preSolution
		HideSolutionNode = FALSE
	EndGlobalSection
	GlobalSection(ExtensibilityGlobals) = postSolution
		SolutionGuid = {9F0A4D8B-72CC-47BA-A34B-BFA36626B368}
	EndGlobalSection
EndGlobal
